
Microsoft Visual Studio Solution File, Format Version 12.00
# Visual Studio Version 16
VisualStudioVersion = 16.0.810.25
MinimumVisualStudioVersion = 10.0.40219.1
Project("{FAE04EC0-301F-11D3-BF4B-00C04F79EFBC}") = "GenericMediatRPattern", "MediatRPattern\GenericMediatRPattern.csproj", "{96850196-A570-4EA7-AF5A-25A8A7C162EF}"
EndProject
Global
	GlobalSection(SolutionConfigurationPlatforms) = preSolution
		Debug|Any CPU = Debug|Any CPU
		Release|Any CPU = Release|Any CPU
	EndGlobalSection
	GlobalSection(ProjectConfigurationPlatforms) = postSolution
		{96850196-A570-4EA7-AF5A-25A8A7C162EF}.Debug|Any CPU.ActiveCfg = Debug|Any CPU
		{96850196-A570-4EA7-AF5A-25A8A7C162EF}.Debug|Any CPU.Build.0 = Debug|Any CPU
		{96850196-A570-4EA7-AF5A-25A8A7C162EF}.Release|Any CPU.ActiveCfg = Release|Any CPU
		{96850196-A570-4EA7-AF5A-25A8A7C162EF}.Release|Any CPU.Build.0 = Release|Any CPU
	EndGlobalSection
	GlobalSection(SolutionProperties) = preSolution
		HideSolutionNode = FALSE
	EndGlobalSection
	GlobalSection(ExtensibilityGlobals) = postSolution
		SolutionGuid = {8C3FAFA9-6E30-4980-8F82-133DAD436E94}
	EndGlobalSection
EndGlobal
